[[package]]
name = "aiohttp"
version = "3.8.1"
description = "Async http client/server framework (asyncio)"
category = "main"
optional = false
python-versions = ">=3.6"

[package.dependencies]
aiosignal = ">=1.1.2"
async-timeout = ">=4.0.0a3,<5.0"
asynctest = {version = "0.13.0", markers = "python_version < \"3.8\""}
attrs = ">=17.3.0"
charset-normalizer = ">=2.0,<3.0"
frozenlist = ">=1.1.1"
multidict = ">=4.5,<7.0"
typing-extensions = {version = ">=3.7.4", markers = "python_version < \"3.8\""}
yarl = ">=1.0,<2.0"

[package.extras]
speedups = ["aiodns", "brotli", "cchardet"]

[[package]]
name = "aiosignal"
version = "1.2.0"
description = "aiosignal: a list of registered asynchronous callbacks"
category = "main"
optional = false
python-versions = ">=3.6"

[package.dependencies]
frozenlist = ">=1.1.0"

[[package]]
name = "altgraph"
version = "0.17.2"
description = "Python graph (network) package"
category = "dev"
optional = false
python-versions = "*"

[[package]]
name = "argparse"
version = "1.4.0"
description = "Python command-line parsing library"
category = "main"
optional = false
python-versions = "*"

[[package]]
name = "asgiref"
version = "3.5.2"
description = "ASGI specs, helper code, and adapters"
category = "main"
optional = false
python-versions = ">=3.7"

[package.dependencies]
typing-extensions = {version = "*", markers = "python_version < \"3.8\""}

[package.extras]
tests = ["pytest", "pytest-asyncio", "mypy (>=0.800)"]

[[package]]
name = "astroid"
version = "2.9.3"
description = "An abstract syntax tree for Python with inference support."
category = "dev"
optional = false
python-versions = ">=3.6.2"

[package.dependencies]
lazy-object-proxy = ">=1.4.0"
typed-ast = {version = ">=1.4.0,<2.0", markers = "implementation_name == \"cpython\" and python_version < \"3.8\""}
typing-extensions = {version = ">=3.10", markers = "python_version < \"3.10\""}
wrapt = ">=1.11,<1.14"

[[package]]
name = "async-timeout"
version = "4.0.2"
description = "Timeout context manager for asyncio programs"
category = "main"
optional = false
python-versions = ">=3.6"

[package.dependencies]
typing-extensions = {version = ">=3.6.5", markers = "python_version < \"3.8\""}

[[package]]
name = "asynctest"
version = "0.13.0"
description = "Enhance the standard unittest package with features for testing asyncio libraries"
category = "main"
optional = false
python-versions = ">=3.5"

[[package]]
name = "atomicwrites"
version = "1.4.0"
description = "Atomic file writes."
category = "main"
optional = false
python-versions = ">=2.7, !=3.0.*, !=3.1.*, !=3.2.*, !=3.3.*"

[[package]]
name = "attrs"
version = "21.4.0"
description = "Classes Without Boilerplate"
category = "main"
optional = false
python-versions = ">=2.7, !=3.0.*, !=3.1.*, !=3.2.*, !=3.3.*, !=3.4.*"

[package.extras]
dev = ["coverage[toml] (>=5.0.2)", "hypothesis", "pympler", "pytest (>=4.3.0)", "six", "mypy", "pytest-mypy-plugins", "zope.interface", "furo", "sphinx", "sphinx-notfound-page", "pre-commit", "cloudpickle"]
docs = ["furo", "sphinx", "zope.interface", "sphinx-notfound-page"]
tests = ["coverage[toml] (>=5.0.2)", "hypothesis", "pympler", "pytest (>=4.3.0)", "six", "mypy", "pytest-mypy-plugins", "zope.interface", "cloudpickle"]
tests_no_zope = ["coverage[toml] (>=5.0.2)", "hypothesis", "pympler", "pytest (>=4.3.0)", "six", "mypy", "pytest-mypy-plugins", "cloudpickle"]

[[package]]
name = "base58"
version = "2.1.1"
description = "Base58 and Base58Check implementation."
category = "main"
optional = false
python-versions = ">=3.5"

[package.extras]
tests = ["mypy", "PyHamcrest (>=2.0.2)", "pytest (>=4.6)", "pytest-benchmark", "pytest-cov", "pytest-flake8"]

[[package]]
name = "bitarray"
version = "1.2.2"
description = "efficient arrays of booleans -- C extension"
category = "main"
optional = false
python-versions = "*"

[[package]]
name = "black"
version = "22.1.0"
description = "The uncompromising code formatter."
category = "dev"
optional = false
python-versions = ">=3.6.2"

[package.dependencies]
click = ">=8.0.0"
mypy-extensions = ">=0.4.3"
pathspec = ">=0.9.0"
platformdirs = ">=2"
tomli = ">=1.1.0"
typed-ast = {version = ">=1.4.2", markers = "python_version < \"3.8\" and implementation_name == \"cpython\""}
typing-extensions = {version = ">=3.10.0.0", markers = "python_version < \"3.10\""}

[package.extras]
colorama = ["colorama (>=0.4.3)"]
d = ["aiohttp (>=3.7.4)"]
jupyter = ["ipython (>=7.8.0)", "tokenize-rt (>=3.2.0)"]
uvloop = ["uvloop (>=0.15.2)"]

[[package]]
name = "cachetools"
version = "5.0.0"
description = "Extensible memoizing collections and decorators"
category = "main"
optional = false
python-versions = "~=3.7"

[[package]]
name = "cairo-lang"
version = "0.9.1"
description = "Compiler and runner for the Cairo language"
category = "main"
optional = false
python-versions = ">=3.6"

[package.dependencies]
aiohttp = "*"
cachetools = "*"
ecdsa = "*"
eth-hash = {version = "*", extras = ["pycryptodome"]}
fastecdsa = "*"
frozendict = "1.2"
lark-parser = "*"
marshmallow = ">=3.2.1"
marshmallow-dataclass = ">=7.1.0"
marshmallow-enum = "*"
marshmallow-oneofschema = "*"
mpmath = "*"
numpy = "*"
pipdeptree = "*"
prometheus-client = "*"
pytest = "*"
pytest-asyncio = "*"
PyYAML = "*"
sympy = "*"
typeguard = "*"
Web3 = "*"

[[package]]
name = "certifi"
version = "2021.10.8"
description = "Python package for providing Mozilla's CA Bundle."
category = "main"
optional = false
python-versions = "*"

[[package]]
name = "charset-normalizer"
version = "2.0.12"
description = "The Real First Universal Charset Detector. Open, modern and actively maintained alternative to Chardet."
category = "main"
optional = false
python-versions = ">=3.5.0"

[package.extras]
unicode_backport = ["unicodedata2"]

[[package]]
name = "click"
version = "8.0.4"
description = "Composable command line interface toolkit"
category = "dev"
optional = false
python-versions = ">=3.6"

[package.dependencies]
colorama = {version = "*", markers = "platform_system == \"Windows\""}
importlib-metadata = {version = "*", markers = "python_version < \"3.8\""}

[[package]]
name = "cloudpickle"
version = "2.1.0"
description = "Extended pickling support for Python objects"
category = "dev"
optional = false
python-versions = ">=3.6"

[[package]]
name = "colorama"
version = "0.4.4"
description = "Cross-platform colored terminal text."
category = "main"
optional = false
python-versions = ">=2.7, !=3.0.*, !=3.1.*, !=3.2.*, !=3.3.*, !=3.4.*"

[[package]]
name = "coverage"
version = "6.3.2"
description = "Code coverage measurement for Python"
category = "dev"
optional = false
python-versions = ">=3.7"

[package.dependencies]
tomli = {version = "*", optional = true, markers = "extra == \"toml\""}

[package.extras]
toml = ["tomli"]

[[package]]
name = "crypto-cpp-py"
version = "1.0.4"
description = "This is a packaged crypto-cpp program"
category = "main"
optional = false
python-versions = ">=3.7.2"

[package.dependencies]
cairo-lang = "*"

[package.extras]
build = ["cmake (>=3.22.4)"]

[[package]]
name = "cytoolz"
version = "0.11.2"
description = "Cython implementation of Toolz: High performance functional utilities"
category = "main"
optional = false
python-versions = ">=3.5"

[package.dependencies]
toolz = ">=0.8.0"

[package.extras]
cython = ["cython"]

[[package]]
name = "ecdsa"
version = "0.17.0"
description = "ECDSA cryptographic signature library (pure python)"
category = "main"
optional = false
python-versions = ">=2.6, !=3.0.*, !=3.1.*, !=3.2.*"

[package.dependencies]
six = ">=1.9.0"

[package.extras]
gmpy = ["gmpy"]
gmpy2 = ["gmpy2"]

[[package]]
name = "eth-abi"
version = "2.1.1"
description = "eth_abi: Python utilities for working with Ethereum ABI definitions, especially encoding and decoding"
category = "main"
optional = false
python-versions = ">=3.6, <4"

[package.dependencies]
eth-typing = ">=2.0.0,<3.0.0"
eth-utils = ">=1.2.0,<2.0.0"
parsimonious = ">=0.8.0,<0.9.0"

[package.extras]
dev = ["bumpversion (>=0.5.3,<1)", "pytest-watch (>=4.1.0,<5)", "wheel", "twine", "ipython", "pytest (==4.4.1)", "pytest-pythonpath (>=0.7.1)", "pytest-xdist (==1.22.3)", "tox (>=2.9.1,<3)", "eth-hash", "hypothesis (>=3.6.1,<4)", "flake8 (==3.4.1)", "isort (>=4.2.15,<5)", "mypy (==0.701)", "pydocstyle (>=3.0.0,<4)", "Sphinx (>=1.6.5,<2)", "sphinx-rtd-theme (>=0.1.9)", "towncrier (>=19.2.0,<20)"]
doc = ["Sphinx (>=1.6.5,<2)", "sphinx-rtd-theme (>=0.1.9)", "towncrier (>=19.2.0,<20)"]
lint = ["flake8 (==3.4.1)", "isort (>=4.2.15,<5)", "mypy (==0.701)", "pydocstyle (>=3.0.0,<4)"]
test = ["pytest (==4.4.1)", "pytest-pythonpath (>=0.7.1)", "pytest-xdist (==1.22.3)", "tox (>=2.9.1,<3)", "eth-hash", "hypothesis (>=3.6.1,<4)"]
tools = ["hypothesis (>=3.6.1,<4)"]

[[package]]
name = "eth-account"
version = "0.5.7"
description = "eth-account: Sign Ethereum transactions and messages with local private keys"
category = "main"
optional = false
python-versions = ">=3.6, <4"

[package.dependencies]
bitarray = ">=1.2.1,<1.3.0"
eth-abi = ">=2.0.0b7,<3"
eth-keyfile = ">=0.5.0,<0.6.0"
eth-keys = ">=0.3.4,<0.4.0"
eth-rlp = ">=0.1.2,<2"
eth-utils = ">=1.3.0,<2"
hexbytes = ">=0.1.0,<1"
rlp = ">=1.0.0,<3"

[package.extras]
dev = ["bumpversion (>=0.5.3,<1)", "pytest-watch (>=4.1.0,<5)", "wheel", "twine", "ipython", "hypothesis (>=4.18.0,<5)", "pytest (>=6.2.5,<7)", "pytest-xdist", "tox (==3.14.6)", "flake8 (==3.7.9)", "isort (>=4.2.15,<5)", "mypy (==0.770)", "pydocstyle (>=5.0.0,<6)", "Sphinx (>=1.6.5,<2)", "sphinx-rtd-theme (>=0.1.9,<1)", "towncrier (>=19.2.0,<20)"]
doc = ["Sphinx (>=1.6.5,<2)", "sphinx-rtd-theme (>=0.1.9,<1)", "towncrier (>=19.2.0,<20)"]
lint = ["flake8 (==3.7.9)", "isort (>=4.2.15,<5)", "mypy (==0.770)", "pydocstyle (>=5.0.0,<6)"]
test = ["hypothesis (>=4.18.0,<5)", "pytest (>=6.2.5,<7)", "pytest-xdist", "tox (==3.14.6)"]

[[package]]
name = "eth-hash"
version = "0.3.2"
description = "eth-hash: The Ethereum hashing function, keccak256, sometimes (erroneously) called sha3"
category = "main"
optional = false
python-versions = ">=3.5, <4"

[package.dependencies]
pycryptodome = {version = ">=3.6.6,<4", optional = true, markers = "extra == \"pycryptodome\""}

[package.extras]
dev = ["bumpversion (>=0.5.3,<1)", "pytest-watch (>=4.1.0,<5)", "wheel", "twine", "ipython", "pytest (==5.4.1)", "pytest-xdist", "tox (==3.14.6)", "flake8 (==3.7.9)", "isort (>=4.2.15,<5)", "mypy (==0.770)", "pydocstyle (>=5.0.0,<6)", "Sphinx (>=1.6.5,<2)", "sphinx-rtd-theme (>=0.1.9,<1)", "towncrier (>=19.2.0,<20)"]
doc = ["Sphinx (>=1.6.5,<2)", "sphinx-rtd-theme (>=0.1.9,<1)", "towncrier (>=19.2.0,<20)"]
lint = ["flake8 (==3.7.9)", "isort (>=4.2.15,<5)", "mypy (==0.770)", "pydocstyle (>=5.0.0,<6)"]
pycryptodome = ["pycryptodome (>=3.6.6,<4)"]
pysha3 = ["pysha3 (>=1.0.0,<2.0.0)"]
test = ["pytest (==5.4.1)", "pytest-xdist", "tox (==3.14.6)"]

[[package]]
name = "eth-keyfile"
version = "0.5.1"
description = "A library for handling the encrypted keyfiles used to store ethereum private keys."
category = "main"
optional = false
python-versions = "*"

[package.dependencies]
cytoolz = ">=0.9.0,<1.0.0"
eth-keys = ">=0.1.0-beta.4,<1.0.0"
eth-utils = ">=1.0.0-beta.1,<2.0.0"
pycryptodome = ">=3.4.7,<4.0.0"

[[package]]
name = "eth-keys"
version = "0.3.4"
description = "Common API for Ethereum key operations."
category = "main"
optional = false
python-versions = "*"

[package.dependencies]
eth-typing = ">=2.2.1,<3.0.0"
eth-utils = ">=1.8.2,<2.0.0"

[package.extras]
coincurve = ["coincurve (>=7.0.0,<13.0.0)"]
dev = ["tox (==3.20.0)", "bumpversion (==0.5.3)", "twine", "eth-utils (>=1.8.2,<2.0.0)", "eth-typing (>=2.2.1,<3.0.0)", "flake8 (==3.0.4)", "mypy (==0.782)", "asn1tools (>=0.146.2,<0.147)", "factory-boy (>=3.0.1,<3.1)", "pyasn1 (>=0.4.5,<0.5)", "pytest (==5.4.1)", "hypothesis (>=5.10.3,<6.0.0)", "eth-hash", "eth-hash"]
eth-keys = ["eth-utils (>=1.8.2,<2.0.0)", "eth-typing (>=2.2.1,<3.0.0)"]
lint = ["flake8 (==3.0.4)", "mypy (==0.782)"]
test = ["asn1tools (>=0.146.2,<0.147)", "factory-boy (>=3.0.1,<3.1)", "pyasn1 (>=0.4.5,<0.5)", "pytest (==5.4.1)", "hypothesis (>=5.10.3,<6.0.0)", "eth-hash", "eth-hash"]

[[package]]
name = "eth-rlp"
version = "0.2.1"
description = "eth-rlp: RLP definitions for common Ethereum objects in Python"
category = "main"
optional = false
python-versions = ">=3.6, <4"

[package.dependencies]
eth-utils = ">=1.0.1,<2"
hexbytes = ">=0.1.0,<1"
rlp = ">=0.6.0,<3"

[package.extras]
dev = ["Sphinx (>=1.6.5,<2)", "bumpversion (>=0.5.3,<1)", "eth-hash", "flake8 (==3.7.9)", "ipython", "isort (>=4.2.15,<5)", "mypy (==0.770)", "pydocstyle (>=3.0.0,<4)", "pytest-watch (>=4.1.0,<5)", "pytest-xdist", "pytest (==5.4.1)", "sphinx-rtd-theme (>=0.1.9)", "towncrier (>=19.2.0,<20)", "tox (==3.14.6)", "twine", "wheel"]
doc = ["Sphinx (>=1.6.5,<2)", "sphinx-rtd-theme (>=0.1.9)", "towncrier (>=19.2.0,<20)"]
lint = ["flake8 (==3.7.9)", "isort (>=4.2.15,<5)", "mypy (==0.770)", "pydocstyle (>=3.0.0,<4)"]
test = ["eth-hash", "pytest-xdist", "pytest (==5.4.1)", "tox (==3.14.6)"]

[[package]]
name = "eth-typing"
version = "2.3.0"
description = "eth-typing: Common type annotations for ethereum python packages"
category = "main"
optional = false
python-versions = ">=3.5, <4"

[package.extras]
dev = ["bumpversion (>=0.5.3,<1)", "pytest-watch (>=4.1.0,<5)", "wheel", "twine", "ipython", "pytest (>=4.4,<4.5)", "pytest-xdist", "tox (>=2.9.1,<3)", "flake8 (==3.8.3)", "isort (>=4.2.15,<5)", "mypy (==0.782)", "pydocstyle (>=3.0.0,<4)", "Sphinx (>=1.6.5,<2)", "sphinx-rtd-theme (>=0.1.9)"]
doc = ["Sphinx (>=1.6.5,<2)", "sphinx-rtd-theme (>=0.1.9)"]
lint = ["flake8 (==3.8.3)", "isort (>=4.2.15,<5)", "mypy (==0.782)", "pydocstyle (>=3.0.0,<4)"]
test = ["pytest (>=4.4,<4.5)", "pytest-xdist", "tox (>=2.9.1,<3)"]

[[package]]
name = "eth-utils"
version = "1.10.0"
description = "eth-utils: Common utility functions for python code that interacts with Ethereum"
category = "main"
optional = false
python-versions = ">=3.5,!=3.5.2,<4"

[package.dependencies]
cytoolz = {version = ">=0.10.1,<1.0.0", markers = "implementation_name == \"cpython\""}
eth-hash = ">=0.3.1,<0.4.0"
eth-typing = ">=2.2.1,<3.0.0"
toolz = {version = ">0.8.2,<1", markers = "implementation_name == \"pypy\""}

[package.extras]
dev = ["bumpversion (>=0.5.3,<1)", "pytest-watch (>=4.1.0,<5)", "wheel (>=0.30.0,<1.0.0)", "twine (>=1.13,<2)", "ipython", "hypothesis (>=4.43.0,<5.0.0)", "pytest (==5.4.1)", "pytest-xdist", "tox (==3.14.6)", "black (>=18.6b4,<19)", "flake8 (==3.7.9)", "isort (>=4.2.15,<5)", "mypy (==0.720)", "pydocstyle (>=5.0.0,<6)", "pytest (>=3.4.1,<4.0.0)", "Sphinx (>=1.6.5,<2)", "sphinx-rtd-theme (>=0.1.9,<2)", "towncrier (>=19.2.0,<20)"]
doc = ["Sphinx (>=1.6.5,<2)", "sphinx-rtd-theme (>=0.1.9,<2)", "towncrier (>=19.2.0,<20)"]
lint = ["black (>=18.6b4,<19)", "flake8 (==3.7.9)", "isort (>=4.2.15,<5)", "mypy (==0.720)", "pydocstyle (>=5.0.0,<6)", "pytest (>=3.4.1,<4.0.0)"]
test = ["hypothesis (>=4.43.0,<5.0.0)", "pytest (==5.4.1)", "pytest-xdist", "tox (==3.14.6)"]

[[package]]
name = "exceptiongroup"
version = "1.0.0rc8"
description = "Backport of PEP 654 (exception groups)"
category = "main"
optional = false
python-versions = ">=3.7"

[package.extras]
test = ["pytest (>=6)"]

[[package]]
name = "fastecdsa"
version = "2.2.3"
description = "Fast elliptic curve digital signatures"
category = "main"
optional = false
python-versions = "*"

[[package]]
name = "flask"
version = "2.0.3"
description = "A simple framework for building complex web applications."
category = "dev"
optional = false
python-versions = ">=3.6"

[package.dependencies]
asgiref = {version = ">=3.2", optional = true, markers = "extra == \"async\""}
click = ">=7.1.2"
itsdangerous = ">=2.0"
Jinja2 = ">=3.0"
Werkzeug = ">=2.0"

[package.extras]
async = ["asgiref (>=3.2)"]
dotenv = ["python-dotenv"]

[[package]]
name = "flask-cors"
version = "3.0.10"
description = "A Flask extension adding a decorator for CORS support"
category = "dev"
optional = false
python-versions = "*"

[package.dependencies]
Flask = ">=0.9"
Six = "*"

[[package]]
name = "flatdict"
version = "4.0.1"
description = "Python module for interacting with nested dicts as a single level dict with delimited keys."
category = "main"
optional = false
python-versions = "*"

[[package]]
name = "freezegun"
version = "1.2.1"
description = "Let your Python tests travel through time"
category = "dev"
optional = false
python-versions = ">=3.6"

[package.dependencies]
python-dateutil = ">=2.7"

[[package]]
name = "frozendict"
version = "1.2"
description = "An immutable dictionary"
category = "main"
optional = false
python-versions = "*"

[[package]]
name = "frozenlist"
version = "1.3.0"
description = "A list-like structure which implements collections.abc.MutableSequence"
category = "main"
optional = false
python-versions = ">=3.7"

[[package]]
name = "future"
version = "0.18.2"
description = "Clean single-source support for Python 3 and 2"
category = "dev"
optional = false
python-versions = ">=2.6, !=3.0.*, !=3.1.*, !=3.2.*"

[[package]]
name = "gitdb"
version = "4.0.9"
description = "Git Object Database"
category = "main"
optional = false
python-versions = ">=3.6"

[package.dependencies]
smmap = ">=3.0.1,<6"

[[package]]
name = "gitpython"
version = "3.1.27"
description = "GitPython is a python library used to interact with Git repositories"
category = "main"
optional = false
python-versions = ">=3.7"

[package.dependencies]
gitdb = ">=4.0.1,<5"
typing-extensions = {version = ">=3.7.4.3", markers = "python_version < \"3.8\""}

[[package]]
name = "greenlet"
version = "0.4.17"
description = "Lightweight in-process concurrent programming"
category = "dev"
optional = false
python-versions = "*"

[[package]]
name = "hexbytes"
version = "0.2.2"
description = "hexbytes: Python `bytes` subclass that decodes hex, with a readable console output"
category = "main"
optional = false
python-versions = ">=3.6, <4"

[package.extras]
dev = ["Sphinx (>=1.6.5,<2)", "bumpversion (>=0.5.3,<1)", "eth-utils (>=1.0.1,<2)", "flake8 (==3.7.9)", "hypothesis (>=3.44.24,<4)", "ipython", "isort (>=4.2.15,<5)", "mypy (==0.770)", "pydocstyle (>=5.0.0,<6)", "pytest-watch (>=4.1.0,<5)", "pytest-xdist", "pytest (==5.4.1)", "sphinx-rtd-theme (>=0.1.9,<1)", "towncrier (>=19.2.0,<20)", "tox (==3.14.6)", "twine", "wheel"]
doc = ["Sphinx (>=1.6.5,<2)", "sphinx-rtd-theme (>=0.1.9,<1)", "towncrier (>=19.2.0,<20)"]
lint = ["flake8 (==3.7.9)", "isort (>=4.2.15,<5)", "mypy (==0.770)", "pydocstyle (>=5.0.0,<6)"]
test = ["eth-utils (>=1.0.1,<2)", "hypothesis (>=3.44.24,<4)", "pytest-xdist", "pytest (==5.4.1)", "tox (==3.14.6)"]

[[package]]
name = "hypothesis"
version = "6.49.1"
description = "A library for property-based testing"
category = "main"
optional = false
python-versions = ">=3.7"

[package.dependencies]
attrs = ">=19.2.0"
exceptiongroup = {version = ">=1.0.0rc8", markers = "python_version < \"3.11\""}
sortedcontainers = ">=2.1.0,<3.0.0"

[package.extras]
all = ["black (>=19.10b0)", "click (>=7.0)", "django (>=2.2)", "dpcontracts (>=0.4)", "lark-parser (>=0.6.5)", "libcst (>=0.3.16)", "numpy (>=1.9.0)", "pandas (>=0.25)", "pytest (>=4.6)", "python-dateutil (>=1.4)", "pytz (>=2014.1)", "redis (>=3.0.0)", "rich (>=9.0.0)", "importlib-metadata (>=3.6)", "backports.zoneinfo (>=0.2.1)", "tzdata (>=2022.1)"]
cli = ["click (>=7.0)", "black (>=19.10b0)", "rich (>=9.0.0)"]
codemods = ["libcst (>=0.3.16)"]
dateutil = ["python-dateutil (>=1.4)"]
django = ["django (>=2.2)"]
dpcontracts = ["dpcontracts (>=0.4)"]
ghostwriter = ["black (>=19.10b0)"]
lark = ["lark-parser (>=0.6.5)"]
numpy = ["numpy (>=1.9.0)"]
pandas = ["pandas (>=0.25)"]
pytest = ["pytest (>=4.6)"]
pytz = ["pytz (>=2014.1)"]
redis = ["redis (>=3.0.0)"]
zoneinfo = ["backports.zoneinfo (>=0.2.1)", "tzdata (>=2022.1)"]

[[package]]
name = "idna"
version = "3.3"
description = "Internationalized Domain Names in Applications (IDNA)"
category = "main"
optional = false
python-versions = ">=3.5"

[[package]]
name = "importlib-metadata"
version = "4.11.3"
description = "Read metadata from Python packages"
category = "main"
optional = false
python-versions = ">=3.7"

[package.dependencies]
typing-extensions = {version = ">=3.6.4", markers = "python_version < \"3.8\""}
zipp = ">=0.5"

[package.extras]
docs = ["sphinx", "jaraco.packaging (>=9)", "rst.linker (>=1.9)"]
perf = ["ipython"]
testing = ["pytest (>=6)", "pytest-checkdocs (>=2.4)", "pytest-flake8", "pytest-cov", "pytest-enabler (>=1.0.1)", "packaging", "pyfakefs", "flufl.flake8", "pytest-perf (>=0.9.2)", "pytest-black (>=0.3.7)", "pytest-mypy (>=0.9.1)", "importlib-resources (>=1.3)"]

[[package]]
name = "importlib-resources"
version = "5.7.1"
description = "Read resources from Python packages"
category = "main"
optional = false
python-versions = ">=3.7"

[package.dependencies]
zipp = {version = ">=3.1.0", markers = "python_version < \"3.10\""}

[package.extras]
docs = ["sphinx", "jaraco.packaging (>=9)", "rst.linker (>=1.9)"]
testing = ["pytest (>=6)", "pytest-checkdocs (>=2.4)", "pytest-flake8", "pytest-cov", "pytest-enabler (>=1.0.1)", "pytest-black (>=0.3.7)", "pytest-mypy (>=0.9.1)"]

[[package]]
name = "iniconfig"
version = "1.1.1"
description = "iniconfig: brain-dead simple config-ini parsing"
category = "main"
optional = false
python-versions = "*"

[[package]]
name = "ipfshttpclient"
version = "0.8.0a2"
description = "Python IPFS HTTP CLIENT library"
category = "main"
optional = false
python-versions = ">=3.6.2,!=3.7.0,!=3.7.1"

[package.dependencies]
multiaddr = ">=0.0.7"
requests = ">=2.11"

[[package]]
name = "isort"
version = "5.10.1"
description = "A Python utility / library to sort Python imports."
category = "dev"
optional = false
python-versions = ">=3.6.1,<4.0"

[package.extras]
pipfile_deprecated_finder = ["pipreqs", "requirementslib"]
requirements_deprecated_finder = ["pipreqs", "pip-api"]
colors = ["colorama (>=0.4.3,<0.5.0)"]
plugins = ["setuptools"]

[[package]]
name = "itsdangerous"
version = "2.1.2"
description = "Safely pass data to untrusted environments and back."
category = "dev"
optional = false
python-versions = ">=3.7"

[[package]]
name = "jinja2"
version = "3.1.2"
description = "A very fast and expressive template engine."
category = "dev"
optional = false
python-versions = ">=3.7"

[package.dependencies]
MarkupSafe = ">=2.0"

[package.extras]
i18n = ["Babel (>=2.7)"]

[[package]]
name = "jsonschema"
version = "4.5.1"
description = "An implementation of JSON Schema validation for Python"
category = "main"
optional = false
python-versions = ">=3.7"

[package.dependencies]
attrs = ">=17.4.0"
importlib-metadata = {version = "*", markers = "python_version < \"3.8\""}
importlib-resources = {version = ">=1.4.0", markers = "python_version < \"3.9\""}
pyrsistent = ">=0.14.0,<0.17.0 || >0.17.0,<0.17.1 || >0.17.1,<0.17.2 || >0.17.2"
typing-extensions = {version = "*", markers = "python_version < \"3.8\""}

[package.extras]
format = ["fqdn", "idna", "isoduration", "jsonpointer (>1.13)", "rfc3339-validator", "rfc3987", "uri-template", "webcolors (>=1.11)"]
format_nongpl = ["fqdn", "idna", "isoduration", "jsonpointer (>1.13)", "rfc3339-validator", "rfc3986-validator (>0.1.0)", "uri-template", "webcolors (>=1.11)"]

[[package]]
name = "lark-parser"
version = "0.12.0"
description = "a modern parsing library"
category = "main"
optional = false
python-versions = "*"

[package.extras]
atomic_cache = ["atomicwrites"]
nearley = ["js2py"]
regex = ["regex"]

[[package]]
name = "lazy-object-proxy"
version = "1.7.1"
description = "A fast and thorough lazy object proxy."
category = "dev"
optional = false
python-versions = ">=3.6"

[[package]]
name = "lru-dict"
version = "1.1.7"
description = "An Dict like LRU container."
category = "main"
optional = false
python-versions = "*"

[[package]]
name = "macholib"
version = "1.16"
description = "Mach-O header analysis and editing"
category = "dev"
optional = false
python-versions = "*"

[package.dependencies]
altgraph = ">=0.15"

[[package]]
name = "markupsafe"
version = "2.1.1"
description = "Safely add untrusted strings to HTML/XML markup."
category = "dev"
optional = false
python-versions = ">=3.7"

[[package]]
name = "marshmallow"
version = "3.15.0"
description = "A lightweight library for converting complex datatypes to and from native Python datatypes."
category = "main"
optional = false
python-versions = ">=3.7"

[package.dependencies]
packaging = "*"

[package.extras]
dev = ["pytest", "pytz", "simplejson", "mypy (==0.940)", "flake8 (==4.0.1)", "flake8-bugbear (==22.1.11)", "pre-commit (>=2.4,<3.0)", "tox"]
docs = ["sphinx (==4.4.0)", "sphinx-issues (==3.0.1)", "alabaster (==0.7.12)", "sphinx-version-warning (==1.1.2)", "autodocsumm (==0.2.7)"]
lint = ["mypy (==0.940)", "flake8 (==4.0.1)", "flake8-bugbear (==22.1.11)", "pre-commit (>=2.4,<3.0)"]
tests = ["pytest", "pytz", "simplejson"]

[[package]]
name = "marshmallow-dataclass"
version = "8.5.8"
description = "Python library to convert dataclasses into marshmallow schemas."
category = "main"
optional = false
python-versions = ">=3.6"

[package.dependencies]
marshmallow = ">=3.13.0,<4.0"
typing-inspect = ">=0.7.1"

[package.extras]
dev = ["marshmallow-enum", "typeguard", "pre-commit (>=2.17,<3.0)", "sphinx", "pytest (>=5.4)", "pytest-mypy-plugins (>=1.2.0)", "typing-extensions (>=3.7.2)"]
docs = ["sphinx"]
enum = ["marshmallow-enum"]
lint = ["pre-commit (>=2.17,<3.0)"]
tests = ["pytest (>=5.4)", "pytest-mypy-plugins (>=1.2.0)", "typing-extensions (>=3.7.2)"]
union = ["typeguard"]

[[package]]
name = "marshmallow-enum"
version = "1.5.1"
description = "Enum field for Marshmallow"
category = "main"
optional = false
python-versions = "*"

[package.dependencies]
marshmallow = ">=2.0.0"

[[package]]
name = "marshmallow-oneofschema"
version = "3.0.1"
description = "marshmallow multiplexing schema"
category = "main"
optional = false
python-versions = ">=3.6"

[package.dependencies]
marshmallow = ">=3.0.0,<4.0.0"

[package.extras]
dev = ["pytest", "mock", "flake8 (==3.9.2)", "flake8-bugbear (==21.4.3)", "pre-commit (>=2.7,<3.0)", "tox"]
lint = ["flake8 (==3.9.2)", "flake8-bugbear (==21.4.3)", "pre-commit (>=2.7,<3.0)"]
tests = ["pytest", "mock"]

[[package]]
name = "mccabe"
version = "0.6.1"
description = "McCabe checker, plugin for flake8"
category = "dev"
optional = false
python-versions = "*"

[[package]]
name = "meinheld"
version = "1.0.2"
description = "High performance asynchronous Python WSGI Web Server"
category = "dev"
optional = false
python-versions = "*"

[package.dependencies]
greenlet = ">=0.4.5,<0.5"

[[package]]
name = "mpmath"
version = "1.2.1"
description = "Python library for arbitrary-precision floating-point arithmetic"
category = "main"
optional = false
python-versions = "*"

[package.extras]
develop = ["pytest (>=4.6)", "pycodestyle", "pytest-cov", "codecov", "wheel"]
tests = ["pytest (>=4.6)"]

[[package]]
name = "multiaddr"
version = "0.0.9"
description = "Python implementation of jbenet's multiaddr"
category = "main"
optional = false
python-versions = ">=2.7,!=3.0.*,!=3.1.*,!=3.2.*,!=3.3.*"

[package.dependencies]
base58 = "*"
netaddr = "*"
six = "*"
varint = "*"

[[package]]
name = "multidict"
version = "6.0.2"
description = "multidict implementation"
category = "main"
optional = false
python-versions = ">=3.7"

[[package]]
name = "mypy-extensions"
version = "0.4.3"
description = "Experimental type system extensions for programs checked with the mypy typechecker."
category = "main"
optional = false
python-versions = "*"

[[package]]
name = "netaddr"
version = "0.8.0"
description = "A network address manipulation library for Python"
category = "main"
optional = false
python-versions = "*"

[[package]]
name = "nodeenv"
version = "1.6.0"
description = "Node.js virtual environment builder"
category = "dev"
optional = false
python-versions = "*"

[[package]]
name = "numpy"
version = "1.21.6"
description = "NumPy is the fundamental package for array computing with Python."
category = "main"
optional = false
python-versions = ">=3.7,<3.11"

[[package]]
name = "packaging"
version = "21.3"
description = "Core utilities for Python packages"
category = "main"
optional = false
python-versions = ">=3.6"

[package.dependencies]
pyparsing = ">=2.0.2,<3.0.5 || >3.0.5"

[[package]]
name = "parsimonious"
version = "0.8.1"
description = "(Soon to be) the fastest pure-Python PEG parser I could muster"
category = "main"
optional = false
python-versions = "*"

[package.dependencies]
six = ">=1.9.0"

[[package]]
name = "pastel"
version = "0.2.1"
description = "Bring colors to your terminal."
category = "dev"
optional = false
python-versions = ">=2.7, !=3.0.*, !=3.1.*, !=3.2.*, !=3.3.*"

[[package]]
name = "pathspec"
version = "0.9.0"
description = "Utility library for gitignore style pattern matching of file paths."
category = "dev"
optional = false
python-versions = "!=3.0.*,!=3.1.*,!=3.2.*,!=3.3.*,!=3.4.*,>=2.7"

[[package]]
name = "pefile"
version = "2021.9.3"
description = "Python PE parsing module"
category = "dev"
optional = false
python-versions = ">=3.6.0"

[package.dependencies]
future = "*"

[[package]]
name = "pexpect"
version = "4.8.0"
description = "Pexpect allows easy control of interactive console applications."
category = "dev"
optional = false
python-versions = "*"

[package.dependencies]
ptyprocess = ">=0.5"

[[package]]
name = "pipdeptree"
version = "2.2.1"
description = "Command line utility to show dependency tree of packages"
category = "main"
optional = false
python-versions = ">=2.7,!=3.0.*,!=3.1.*,!=3.2.*,!=3.3.*"

[package.extras]
graphviz = ["graphviz"]

[[package]]
name = "platformdirs"
version = "2.5.1"
description = "A small Python module for determining appropriate platform-specific dirs, e.g. a \"user data dir\"."
category = "dev"
optional = false
python-versions = ">=3.7"

[package.extras]
docs = ["Sphinx (>=4)", "furo (>=2021.7.5b38)", "proselint (>=0.10.2)", "sphinx-autodoc-typehints (>=1.12)"]
test = ["appdirs (==1.4.4)", "pytest (>=6)", "pytest-cov (>=2.7)", "pytest-mock (>=3.6)"]

[[package]]
name = "pluggy"
version = "1.0.0"
description = "plugin and hook calling mechanisms for python"
category = "main"
optional = false
python-versions = ">=3.6"

[package.dependencies]
importlib-metadata = {version = ">=0.12", markers = "python_version < \"3.8\""}

[package.extras]
dev = ["pre-commit", "tox"]
testing = ["pytest", "pytest-benchmark"]

[[package]]
name = "poethepoet"
version = "0.12.3"
description = "A task runner that works well with poetry."
category = "dev"
optional = false
python-versions = ">=3.6.2"

[package.dependencies]
pastel = ">=0.2.1,<0.3.0"
tomli = ">=1.2.2,<2.0.0"

[package.extras]
poetry_plugin = ["poetry (>=1.0,<2.0)"]

[[package]]
name = "prometheus-client"
version = "0.14.1"
description = "Python client for the Prometheus monitoring system."
category = "main"
optional = false
python-versions = ">=3.6"

[package.extras]
twisted = ["twisted"]

[[package]]
name = "protobuf"
version = "3.20.1"
description = "Protocol Buffers"
category = "main"
optional = false
python-versions = ">=3.7"

[[package]]
name = "ptyprocess"
version = "0.7.0"
description = "Run a subprocess in a pseudo terminal"
category = "dev"
optional = false
python-versions = "*"

[[package]]
name = "py"
version = "1.11.0"
description = "library with cross-python path, ini-parsing, io, code, log facilities"
category = "main"
optional = false
python-versions = ">=2.7, !=3.0.*, !=3.1.*, !=3.2.*, !=3.3.*, !=3.4.*"

[[package]]
name = "py-cpuinfo"
version = "8.0.0"
description = "Get CPU info with pure Python 2 & 3"
category = "dev"
optional = false
python-versions = "*"

[[package]]
name = "pycryptodome"
version = "3.14.1"
description = "Cryptographic library for Python"
category = "main"
optional = false
python-versions = ">=2.7, !=3.0.*, !=3.1.*, !=3.2.*, !=3.3.*, !=3.4.*"

[[package]]
name = "pyinstaller"
version = "4.10"
description = "PyInstaller bundles a Python application and all its dependencies into a single package."
category = "dev"
optional = false
python-versions = "<3.11,>=3.6"

[package.dependencies]
altgraph = "*"
importlib-metadata = {version = "*", markers = "python_version < \"3.8\""}
macholib = {version = ">=1.8", markers = "sys_platform == \"darwin\""}
pefile = {version = ">=2017.8.1", markers = "sys_platform == \"win32\""}
pyinstaller-hooks-contrib = ">=2020.6"
pywin32-ctypes = {version = ">=0.2.0", markers = "sys_platform == \"win32\""}

[package.extras]
encryption = ["tinyaes (>=1.0.0)"]
hook_testing = ["pytest (>=2.7.3)", "execnet (>=1.5.0)", "psutil"]

[[package]]
name = "pyinstaller-hooks-contrib"
version = "2022.2"
description = "Community maintained hooks for PyInstaller"
category = "dev"
optional = false
python-versions = ">=3.7"

[[package]]
name = "pylint"
version = "2.12.2"
description = "python code static checker"
category = "dev"
optional = false
python-versions = ">=3.6.2"

[package.dependencies]
astroid = ">=2.9.0,<2.10"
colorama = {version = "*", markers = "sys_platform == \"win32\""}
isort = ">=4.2.5,<6"
mccabe = ">=0.6,<0.7"
platformdirs = ">=2.2.0"
toml = ">=0.9.2"
typing-extensions = {version = ">=3.10.0", markers = "python_version < \"3.10\""}

[[package]]
name = "pyparsing"
version = "3.0.7"
description = "Python parsing module"
category = "main"
optional = false
python-versions = ">=3.6"

[package.extras]
diagrams = ["jinja2", "railroad-diagrams"]

[[package]]
name = "pyright"
version = "1.1.260"
description = "Command line wrapper for pyright"
category = "dev"
optional = false
python-versions = ">=3.7"

[package.dependencies]
nodeenv = ">=1.6.0"
typing-extensions = {version = ">=3.7", markers = "python_version < \"3.8\""}

[package.extras]
all = ["twine (>=3.4.1)"]
dev = ["twine (>=3.4.1)"]

[[package]]
name = "pyrsistent"
version = "0.18.1"
description = "Persistent/Functional/Immutable data structures"
category = "main"
optional = false
python-versions = ">=3.7"

[[package]]
name = "pytest"
version = "6.2.5"
description = "pytest: simple powerful testing with Python"
category = "main"
optional = false
python-versions = ">=3.6"

[package.dependencies]
atomicwrites = {version = ">=1.0", markers = "sys_platform == \"win32\""}
attrs = ">=19.2.0"
colorama = {version = "*", markers = "sys_platform == \"win32\""}
importlib-metadata = {version = ">=0.12", markers = "python_version < \"3.8\""}
iniconfig = "*"
packaging = "*"
pluggy = ">=0.12,<2.0"
py = ">=1.8.2"
toml = "*"

[package.extras]
testing = ["argcomplete", "hypothesis (>=3.56)", "mock", "nose", "requests", "xmlschema"]

[[package]]
name = "pytest-asyncio"
version = "0.18.3"
description = "Pytest support for asyncio"
category = "main"
optional = false
python-versions = ">=3.7"

[package.dependencies]
pytest = ">=6.1.0"
typing-extensions = {version = ">=3.7.2", markers = "python_version < \"3.8\""}

[package.extras]
testing = ["coverage (==6.2)", "hypothesis (>=5.7.1)", "flaky (>=3.5.0)", "mypy (==0.931)", "pytest-trio (>=0.7.0)"]

[[package]]
name = "pytest-benchmark"
version = "3.4.1"
description = "A ``pytest`` fixture for benchmarking code. It will group the tests into rounds that are calibrated to the chosen timer."
category = "dev"
optional = false
python-versions = ">=2.7, !=3.0.*, !=3.1.*, !=3.2.*, !=3.3.*, !=3.4.*"

[package.dependencies]
py-cpuinfo = "*"
pytest = ">=3.8"

[package.extras]
aspect = ["aspectlib"]
elasticsearch = ["elasticsearch"]
histogram = ["pygal", "pygaljs"]

[[package]]
name = "pytest-cov"
version = "3.0.0"
description = "Pytest plugin for measuring coverage."
category = "dev"
optional = false
python-versions = ">=3.6"

[package.dependencies]
coverage = {version = ">=5.2.1", extras = ["toml"]}
pytest = ">=4.6"

[package.extras]
testing = ["fields", "hunter", "process-tests", "six", "pytest-xdist", "virtualenv"]

[[package]]
name = "pytest-datadir"
version = "1.3.1"
description = "pytest plugin for test data directories and files"
category = "main"
optional = false
python-versions = ">=2.7, !=3.0.*, !=3.1.*, !=3.2.*, !=3.3.*"

[package.dependencies]
pytest = ">=2.7.0"

[[package]]
name = "pytest-mock"
version = "3.7.0"
description = "Thin-wrapper around the mock package for easier use with pytest"
category = "dev"
optional = false
python-versions = ">=3.7"

[package.dependencies]
pytest = ">=5.0"

[package.extras]
dev = ["pre-commit", "tox", "pytest-asyncio"]

[[package]]
name = "pytest-timeout"
version = "2.1.0"
description = "pytest plugin to abort hanging tests"
category = "dev"
optional = false
python-versions = ">=3.6"

[package.dependencies]
pytest = ">=5.0.0"

[[package]]
name = "python-dateutil"
version = "2.8.2"
description = "Extensions to the standard Python datetime module"
category = "dev"
optional = false
python-versions = "!=3.0.*,!=3.1.*,!=3.2.*,>=2.7"

[package.dependencies]
six = ">=1.5"

[[package]]
name = "pywin32"
version = "304"
description = "Python for Window Extensions"
category = "main"
optional = false
python-versions = "*"

[[package]]
name = "pywin32-ctypes"
version = "0.2.0"
description = ""
category = "dev"
optional = false
python-versions = "*"

[[package]]
name = "pyyaml"
version = "6.0"
description = "YAML parser and emitter for Python"
category = "main"
optional = false
python-versions = ">=3.6"

[[package]]
name = "requests"
version = "2.27.1"
description = "Python HTTP for Humans."
category = "main"
optional = false
python-versions = ">=2.7, !=3.0.*, !=3.1.*, !=3.2.*, !=3.3.*, !=3.4.*, !=3.5.*"

[package.dependencies]
certifi = ">=2017.4.17"
charset-normalizer = {version = ">=2.0.0,<2.1.0", markers = "python_version >= \"3\""}
idna = {version = ">=2.5,<4", markers = "python_version >= \"3\""}
urllib3 = ">=1.21.1,<1.27"

[package.extras]
socks = ["PySocks (>=1.5.6,!=1.5.7)", "win-inet-pton"]
use_chardet_on_py3 = ["chardet (>=3.0.2,<5)"]

[[package]]
name = "rlp"
version = "2.0.1"
description = "A package for Recursive Length Prefix encoding and decoding"
category = "main"
optional = false
python-versions = "*"

[package.dependencies]
eth-utils = ">=1.0.2,<2"

[package.extras]
dev = ["Sphinx (>=1.6.5,<2)", "bumpversion (>=0.5.3,<1)", "flake8 (==3.4.1)", "hypothesis (==5.19.0)", "ipython", "pytest-watch (>=4.1.0,<5)", "pytest-xdist", "pytest (==5.4.3)", "setuptools (>=36.2.0)", "sphinx-rtd-theme (>=0.1.9)", "tox (>=2.9.1,<3)", "twine", "wheel"]
doc = ["Sphinx (>=1.6.5,<2)", "sphinx-rtd-theme (>=0.1.9)"]
lint = ["flake8 (==3.4.1)"]
rust-backend = ["rusty-rlp (>=0.1.15,<0.2)"]
test = ["hypothesis (==5.19.0)", "pytest (==5.4.3)", "tox (>=2.9.1,<3)"]

[[package]]
name = "six"
version = "1.16.0"
description = "Python 2 and 3 compatibility utilities"
category = "main"
optional = false
python-versions = ">=2.7, !=3.0.*, !=3.1.*, !=3.2.*"

[[package]]
name = "smmap"
version = "5.0.0"
description = "A pure Python implementation of a sliding window memory map manager"
category = "main"
optional = false
python-versions = ">=3.6"

[[package]]
name = "snakeviz"
version = "2.1.1"
description = "A web-based viewer for Python profiler output"
category = "dev"
optional = false
python-versions = "*"

[package.dependencies]
tornado = ">=2.0"

[[package]]
name = "sortedcontainers"
version = "2.4.0"
description = "Sorted Containers -- Sorted List, Sorted Dict, Sorted Set"
category = "main"
optional = false
python-versions = "*"

[[package]]
name = "starknet-devnet"
version = "0.2.6"
description = "A local testnet for Starknet"
category = "dev"
optional = false
python-versions = ">=3.7.2,<3.10"

[package.dependencies]
cairo-lang = "0.9.1"
cloudpickle = ">=2.1.0,<2.2.0"
crypto-cpp-py = ">=1.0.4,<1.1.0"
Flask = {version = ">=2.0.3,<2.1.0", extras = ["async"]}
flask-cors = ">=3.0.10,<3.1.0"
meinheld = ">=1.0.2,<1.1.0"
Werkzeug = ">=2.0.3,<2.1.0"

[[package]]
name = "starknet.py"
version = "0.4.4a0"
description = "A python SDK for StarkNet"
category = "main"
optional = false
python-versions = ">=3.7.2,<3.10"

[package.dependencies]
asgiref = ">=3.4.1,<4.0.0"
cairo-lang = "0.9.1"
crypto-cpp-py = ">=1.0.4,<2.0.0"
marshmallow = ">=3.15.0,<4.0.0"
marshmallow-oneofschema = ">=3.0.1,<4.0.0"

[package.extras]
docs = ["enum-tools[sphinx] (==0.9.0)", "sphinx (>=4.3.1,<5.0.0)"]

[[package]]
name = "sympy"
version = "1.10.1"
description = "Computer algebra system (CAS) in Python"
category = "main"
optional = false
python-versions = ">=3.7"

[package.dependencies]
mpmath = ">=0.19"

[[package]]
name = "toml"
version = "0.10.2"
description = "Python Library for Tom's Obvious, Minimal Language"
category = "main"
optional = false
python-versions = ">=2.6, !=3.0.*, !=3.1.*, !=3.2.*"

[[package]]
name = "tomli"
version = "1.2.3"
description = "A lil' TOML parser"
category = "main"
optional = false
python-versions = ">=3.6"

[[package]]
name = "tomli-w"
version = "1.0.0"
description = "A lil' TOML writer"
category = "main"
optional = false
python-versions = ">=3.7"

[[package]]
name = "toolz"
version = "0.11.2"
description = "List processing tools and functional utilities"
category = "main"
optional = false
python-versions = ">=3.5"

[[package]]
name = "tornado"
version = "6.1"
description = "Tornado is a Python web framework and asynchronous networking library, originally developed at FriendFeed."
category = "dev"
optional = false
python-versions = ">= 3.5"

[[package]]
name = "tqdm"
version = "4.64.0"
description = "Fast, Extensible Progress Meter"
category = "main"
optional = false
python-versions = "!=3.0.*,!=3.1.*,!=3.2.*,!=3.3.*,>=2.7"

[package.dependencies]
colorama = {version = "*", markers = "platform_system == \"Windows\""}

[package.extras]
dev = ["py-make (>=0.1.0)", "twine", "wheel"]
notebook = ["ipywidgets (>=6)"]
slack = ["slack-sdk"]
telegram = ["requests"]

[[package]]
name = "typed-ast"
version = "1.5.2"
description = "a fork of Python 2 and 3 ast modules with type comment support"
category = "dev"
optional = false
python-versions = ">=3.6"

[[package]]
name = "typeguard"
version = "2.13.3"
description = "Run-time type checker for Python"
category = "main"
optional = false
python-versions = ">=3.5.3"

[package.extras]
doc = ["sphinx-rtd-theme", "sphinx-autodoc-typehints (>=1.2.0)"]
test = ["pytest", "typing-extensions", "mypy"]

[[package]]
name = "typing-extensions"
version = "4.1.1"
description = "Backported and Experimental Type Hints for Python 3.6+"
category = "main"
optional = false
python-versions = ">=3.6"

[[package]]
name = "typing-inspect"
version = "0.7.1"
description = "Runtime inspection utilities for typing module."
category = "main"
optional = false
python-versions = "*"

[package.dependencies]
mypy-extensions = ">=0.3.0"
typing-extensions = ">=3.7.4"

[[package]]
name = "urllib3"
version = "1.26.9"
description = "HTTP library with thread-safe connection pooling, file post, and more."
category = "main"
optional = false
python-versions = ">=2.7, !=3.0.*, !=3.1.*, !=3.2.*, !=3.3.*, !=3.4.*, <4"

[package.extras]
brotli = ["brotlicffi (>=0.8.0)", "brotli (>=1.0.9)", "brotlipy (>=0.6.0)"]
secure = ["pyOpenSSL (>=0.14)", "cryptography (>=1.3.4)", "idna (>=2.0.0)", "certifi", "ipaddress"]
socks = ["PySocks (>=1.5.6,!=1.5.7,<2.0)"]

[[package]]
name = "varint"
version = "1.0.2"
description = "Simple python varint implementation"
category = "main"
optional = false
python-versions = "*"

[[package]]
name = "web3"
version = "5.29.0"
description = "Web3.py"
category = "main"
optional = false
python-versions = ">=3.6,<4"

[package.dependencies]
aiohttp = ">=3.7.4.post0,<4"
eth-abi = ">=2.0.0b6,<3.0.0"
eth-account = ">=0.5.7,<0.6.0"
eth-hash = {version = ">=0.2.0,<1.0.0", extras = ["pycryptodome"]}
eth-typing = ">=2.0.0,<3.0.0"
eth-utils = ">=1.9.5,<2.0.0"
hexbytes = ">=0.1.0,<1.0.0"
ipfshttpclient = "0.8.0a2"
jsonschema = ">=3.2.0,<5"
lru-dict = ">=1.1.6,<2.0.0"
protobuf = ">=3.10.0,<4"
pywin32 = {version = ">=223", markers = "platform_system == \"Windows\""}
requests = ">=2.16.0,<3.0.0"
typing-extensions = {version = ">=3.7.4.1,<5", markers = "python_version < \"3.8\""}
websockets = ">=9.1,<10"

[package.extras]
dev = ["eth-tester[py-evm] (==v0.6.0-beta.6)", "py-geth (>=3.7.0,<4)", "flake8 (==3.8.3)", "isort (>=4.2.15,<4.3.5)", "mypy (==0.910)", "types-setuptools (>=57.4.4,<58)", "types-requests (>=2.26.1,<3)", "types-protobuf (==3.19.13)", "mock", "sphinx-better-theme (>=0.1.4)", "click (>=5.1)", "configparser (==3.5.0)", "contextlib2 (>=0.5.4)", "py-geth (>=3.6.0,<4)", "py-solc (>=0.4.0)", "pytest (>=4.4.0,<5.0.0)", "sphinx (>=3.0,<4)", "sphinx-rtd-theme (>=0.1.9)", "toposort (>=1.4)", "towncrier (==18.5.0)", "urllib3", "wheel", "bumpversion", "flaky (>=3.7.0,<4)", "hypothesis (>=3.31.2,<6)", "pytest-asyncio (>=0.10.0,<0.11)", "pytest-mock (>=1.10,<2)", "pytest-pythonpath (>=0.3)", "pytest-watch (>=4.2,<5)", "pytest-xdist (>=1.29,<2)", "setuptools (>=38.6.0)", "tox (>=1.8.0)", "tqdm (>4.32,<5)", "twine (>=1.13,<2)", "pluggy (==0.13.1)", "when-changed (>=0.3.0,<0.4)"]
docs = ["mock", "sphinx-better-theme (>=0.1.4)", "click (>=5.1)", "configparser (==3.5.0)", "contextlib2 (>=0.5.4)", "py-geth (>=3.6.0,<4)", "py-solc (>=0.4.0)", "pytest (>=4.4.0,<5.0.0)", "sphinx (>=3.0,<4)", "sphinx-rtd-theme (>=0.1.9)", "toposort (>=1.4)", "towncrier (==18.5.0)", "urllib3", "wheel"]
linter = ["flake8 (==3.8.3)", "isort (>=4.2.15,<4.3.5)", "mypy (==0.910)", "types-setuptools (>=57.4.4,<58)", "types-requests (>=2.26.1,<3)", "types-protobuf (==3.19.13)"]
tester = ["eth-tester[py-evm] (==v0.6.0-beta.6)", "py-geth (>=3.7.0,<4)"]

[[package]]
name = "websockets"
version = "9.1"
description = "An implementation of the WebSocket Protocol (RFC 6455 & 7692)"
category = "main"
optional = false
python-versions = ">=3.6.1"

[[package]]
name = "werkzeug"
version = "2.0.3"
description = "The comprehensive WSGI web application library."
category = "dev"
optional = false
python-versions = ">=3.6"

[package.extras]
watchdog = ["watchdog"]

[[package]]
name = "wrapt"
version = "1.13.3"
description = "Module for decorators, wrappers and monkey patching."
category = "dev"
optional = false
python-versions = "!=3.0.*,!=3.1.*,!=3.2.*,!=3.3.*,!=3.4.*,>=2.7"

[[package]]
name = "yarl"
version = "1.7.2"
description = "Yet another URL library"
category = "main"
optional = false
python-versions = ">=3.6"

[package.dependencies]
idna = ">=2.0"
multidict = ">=4.0"
typing-extensions = {version = ">=3.7.4", markers = "python_version < \"3.8\""}

[[package]]
name = "zipp"
version = "3.7.0"
description = "Backport of pathlib-compatible object wrapper for zip files"
category = "main"
optional = false
python-versions = ">=3.7"

[package.extras]
docs = ["sphinx", "jaraco.packaging (>=8.2)", "rst.linker (>=1.9)"]
testing = ["pytest (>=6)", "pytest-checkdocs (>=2.4)", "pytest-flake8", "pytest-cov", "pytest-enabler (>=1.0.1)", "jaraco.itertools", "func-timeout", "pytest-black (>=0.3.7)", "pytest-mypy"]

[metadata]
lock-version = "1.1"
python-versions = ">=3.7.12, <3.10"
content-hash = "45baeb034594711ab5c4b557757618958b096b2b7ea5084b115ed36c3ed8aeb9"

[metadata.files]
aiohttp = []
aiosignal = []
altgraph = []
argparse = []
asgiref = []
astroid = []
async-timeout = []
asynctest = []
atomicwrites = []
attrs = []
base58 = []
bitarray = []
black = []
cachetools = []
cairo-lang = []
certifi = []
charset-normalizer = []
click = []
cloudpickle = []
colorama = []
coverage = []
crypto-cpp-py = []
cytoolz = []
ecdsa = []
eth-abi = []
eth-account = []
eth-hash = []
eth-keyfile = []
eth-keys = []
eth-rlp = []
eth-typing = []
eth-utils = []
exceptiongroup = []
fastecdsa = []
flask = []
flask-cors = []
flatdict = []
freezegun = []
frozendict = []
frozenlist = []
future = []
gitdb = []
gitpython = []
greenlet = []
hexbytes = []
hypothesis = []
idna = []
importlib-metadata = []
importlib-resources = []
iniconfig = []
ipfshttpclient = []
isort = []
itsdangerous = []
jinja2 = []
jsonschema = []
lark-parser = []
lazy-object-proxy = []
lru-dict = []
macholib = []
markupsafe = []
marshmallow = []
marshmallow-dataclass = []
marshmallow-enum = []
marshmallow-oneofschema = []
mccabe = []
meinheld = []
mpmath = []
multiaddr = []
multidict = []
mypy-extensions = []
netaddr = []
nodeenv = []
numpy = []
packaging = []
parsimonious = []
pastel = []
pathspec = []
pefile = []
pexpect = []
pipdeptree = []
platformdirs = []
pluggy = []
poethepoet = []
prometheus-client = []
protobuf = []
ptyprocess = []
py = []
py-cpuinfo = []
pycryptodome = []
pyinstaller = []
pyinstaller-hooks-contrib = []
pylint = []
pyparsing = []
pyright = []
pyrsistent = []
pytest = []
pytest-asyncio = []
pytest-benchmark = []
pytest-cov = []
pytest-datadir = []
pytest-mock = []
pytest-timeout = []
python-dateutil = []
pywin32 = []
pywin32-ctypes = []
pyyaml = []
requests = []
rlp = []
six = []
smmap = []
snakeviz = []
sortedcontainers = []
starknet-devnet = []
"starknet.py" = []
sympy = []
toml = []
tomli = []
tomli-w = []
toolz = []
tornado = []
tqdm = []
typed-ast = []
typeguard = []
typing-extensions = []
typing-inspect = []
urllib3 = []
varint = []
web3 = []
websockets = []
werkzeug = []
wrapt = []
yarl = []
zipp = []
